
Microsoft Visual Studio Solution File, Format Version 12.00
# Visual Studio Version 16
VisualStudioVersion = 16.0.28714.193
MinimumVisualStudioVersion = 10.0.40219.1
Project("{FAE04EC0-301F-11D3-BF4B-00C04F79EFBC}") = "RefRemap", "src\RefRemap\RefRemap.csproj", "{7FCA0CA5-1586-4FA3-AA2B-E862F7FCFBB3}"
EndProject
Global
	GlobalSection(SolutionConfigurationPlatforms) = preSolution
		Debug|Any CPU = Debug|Any CPU
		Release|Any CPU = Release|Any CPU
	EndGlobalSection
	GlobalSection(ProjectConfigurationPlatforms) = postSolution
		{7FCA0CA5-1586-4FA3-AA2B-E862F7FCFBB3}.Debug|Any CPU.ActiveCfg = Debug|Any CPU
		{7FCA0CA5-1586-4FA3-AA2B-E862F7FCFBB3}.Debug|Any CPU.Build.0 = Debug|Any CPU
		{7FCA0CA5-1586-4FA3-AA2B-E862F7FCFBB3}.Release|Any CPU.ActiveCfg = Release|Any CPU
		{7FCA0CA5-1586-4FA3-AA2B-E862F7FCFBB3}.Release|Any CPU.Build.0 = Release|Any CPU
	EndGlobalSection
	GlobalSection(SolutionProperties) = preSolution
		HideSolutionNode = FALSE
	EndGlobalSection
	GlobalSection(ExtensibilityGlobals) = postSolution
		SolutionGuid = {FCB7C390-DDB0-4F99-8108-C78FDA648227}
	EndGlobalSection
EndGlobal
